# This file is automatically @generated by Wally.
# It is not intended for manual editing.
registry = "test"

[[package]]
name = "daulric/dabox"
version = "0.0.7"
dependencies = [["fission", "daulric/fission@0.1.5"], ["oneframe", "daulric/oneframe@1.0.8"], ["rednet", "daulric/rednet@0.0.2"], ["retract", "daulric/retract@0.0.22"], ["rodb", "daulric/rodb@0.0.6"]]

[[package]]
name = "daulric/fission"
version = "0.1.5"
dependencies = []

[[package]]
name = "daulric/oneframe"
version = "1.0.8"
dependencies = []

[[package]]
name = "daulric/rednet"
version = "0.0.2"
dependencies = []

[[package]]
name = "daulric/retract"
version = "0.0.22"
dependencies = []

[[package]]
name = "daulric/rodb"
version = "0.0.6"
dependencies = []
