# This file is automatically @generated by Wally.
# It is not intended for manual editing.
registry = "test"

[[package]]
name = "daulric/fission"
version = "0.1.3"
dependencies = []

[[package]]
name = "daulric/oneframe"
version = "1.0.3"
dependencies = []

[[package]]
name = "daulric/rednet"
version = "0.0.1"
dependencies = []

[[package]]
name = "daulric/retract"
version = "0.0.21"
dependencies = []

[[package]]
name = "daulric/rodb"
version = "0.0.6"
dependencies = []

[[package]]
name = "ulric/dabox"
version = "0.0.0"
dependencies = [["Fission", "daulric/fission@0.1.3"], ["OneFrame", "daulric/oneframe@1.0.3"], ["RedNet", "daulric/rednet@0.0.1"], ["Retract", "daulric/retract@0.0.21"], ["RoDB", "daulric/rodb@0.0.6"]]
